
Microsoft Visual Studio Solution File, Format Version 12.00
# Visual Studio Version 16
VisualStudioVersion = 16.0.28803.352
MinimumVisualStudioVersion = 10.0.40219.1
Project("{FAE04EC0-301F-11D3-BF4B-00C04F79EFBC}") = "SuperHeroes", "SuperHeroes\SuperHeroes.csproj", "{BE7B77B8-189B-4E00-90AF-F1758BC5182D}"
EndProject
Global
	GlobalSection(SolutionConfigurationPlatforms) = preSolution
		Debug|Any CPU = Debug|Any CPU
		Release|Any CPU = Release|Any CPU
	EndGlobalSection
	GlobalSection(ProjectConfigurationPlatforms) = postSolution
		{BE7B77B8-189B-4E00-90AF-F1758BC5182D}.Debug|Any CPU.ActiveCfg = Debug|Any CPU
		{BE7B77B8-189B-4E00-90AF-F1758BC5182D}.Debug|Any CPU.Build.0 = Debug|Any CPU
		{BE7B77B8-189B-4E00-90AF-F1758BC5182D}.Release|Any CPU.ActiveCfg = Release|Any CPU
		{BE7B77B8-189B-4E00-90AF-F1758BC5182D}.Release|Any CPU.Build.0 = Release|Any CPU
	EndGlobalSection
	GlobalSection(SolutionProperties) = preSolution
		HideSolutionNode = FALSE
	EndGlobalSection
	GlobalSection(ExtensibilityGlobals) = postSolution
		SolutionGuid = {DDCCC07A-E2C7-445B-ACB8-4A2FA627C346}
	EndGlobalSection
EndGlobal
